
Microsoft Visual Studio Solution File, Format Version 12.00
# Visual Studio Version 17
VisualStudioVersion = 17.11.35219.272
MinimumVisualStudioVersion = 10.0.40219.1
Project("{FAE04EC0-301F-11D3-BF4B-00C04F79EFBC}") = "WebApp", "WebApp.csproj", "{960E4802-0BE3-442B-BE48-1A523E3EE50A}"
EndProject
Global
	GlobalSection(SolutionConfigurationPlatforms) = preSolution
		Debug|Any CPU = Debug|Any CPU
		Release|Any CPU = Release|Any CPU
	EndGlobalSection
	GlobalSection(ProjectConfigurationPlatforms) = postSolution
		{960E4802-0BE3-442B-BE48-1A523E3EE50A}.Debug|Any CPU.ActiveCfg = Debug|Any CPU
		{960E4802-0BE3-442B-BE48-1A523E3EE50A}.Debug|Any CPU.Build.0 = Debug|Any CPU
		{960E4802-0BE3-442B-BE48-1A523E3EE50A}.Release|Any CPU.ActiveCfg = Release|Any CPU
		{960E4802-0BE3-442B-BE48-1A523E3EE50A}.Release|Any CPU.Build.0 = Release|Any CPU
	EndGlobalSection
	GlobalSection(SolutionProperties) = preSolution
		HideSolutionNode = FALSE
	EndGlobalSection
	GlobalSection(ExtensibilityGlobals) = postSolution
		SolutionGuid = {B869EB0F-656C-4226-9377-11D930029193}
	EndGlobalSection
EndGlobal
